
Microsoft Visual Studio Solution File, Format Version 12.00
# Visual Studio Version 17
VisualStudioVersion = 17.13.35913.81
MinimumVisualStudioVersion = 10.0.40219.1
Project("{FAE04EC0-301F-11D3-BF4B-00C04F79EFBC}") = "yuelinLib", "yuelinLib\yuelinLib.csproj", "{E57E4C84-76E1-4F2A-9673-5093EF6B0DA2}"
EndProject
Project("{FAE04EC0-301F-11D3-BF4B-00C04F79EFBC}") = "GeishaConsole", "GeishaConsole\GeishaConsole.csproj", "{299CFE90-8B72-4B60-8CBE-5022DB286D85}"
EndProject
Global
	GlobalSection(SolutionConfigurationPlatforms) = preSolution
		Debug|Any CPU = Debug|Any CPU
		Release|Any CPU = Release|Any CPU
	EndGlobalSection
	GlobalSection(ProjectConfigurationPlatforms) = postSolution
		{E57E4C84-76E1-4F2A-9673-5093EF6B0DA2}.Debug|Any CPU.ActiveCfg = Debug|Any CPU
		{E57E4C84-76E1-4F2A-9673-5093EF6B0DA2}.Debug|Any CPU.Build.0 = Debug|Any CPU
		{E57E4C84-76E1-4F2A-9673-5093EF6B0DA2}.Release|Any CPU.ActiveCfg = Release|Any CPU
		{E57E4C84-76E1-4F2A-9673-5093EF6B0DA2}.Release|Any CPU.Build.0 = Release|Any CPU
		{299CFE90-8B72-4B60-8CBE-5022DB286D85}.Debug|Any CPU.ActiveCfg = Debug|Any CPU
		{299CFE90-8B72-4B60-8CBE-5022DB286D85}.Debug|Any CPU.Build.0 = Debug|Any CPU
		{299CFE90-8B72-4B60-8CBE-5022DB286D85}.Release|Any CPU.ActiveCfg = Release|Any CPU
		{299CFE90-8B72-4B60-8CBE-5022DB286D85}.Release|Any CPU.Build.0 = Release|Any CPU
	EndGlobalSection
	GlobalSection(SolutionProperties) = preSolution
		HideSolutionNode = FALSE
	EndGlobalSection
	GlobalSection(ExtensibilityGlobals) = postSolution
		SolutionGuid = {01CFC5D9-2EE6-41E3-85E5-62A448B60EE1}
	EndGlobalSection
EndGlobal
